// !$*UTF8*$!
{
	archiveVersion = 1;
	classes = {
	};
	objectVersion = 50;
	objects = {

/* Begin PBXBuildFile section */
		758E586826445073002C48C4 /* AppDelegate.swift in Sources */ = {isa = PBXBuildFile; fileRef = 758E586726445073002C48C4 /* AppDelegate.swift */; };
		758E586A26445073002C48C4 /* SceneDelegate.swift in Sources */ = {isa = PBXBuildFile; fileRef = 758E586926445073002C48C4 /* SceneDelegate.swift */; };
		758E586C26445073002C48C4 /* ViewController.swift in Sources */ = {isa = PBXBuildFile; fileRef = 758E586B26445073002C48C4 /* ViewController.swift */; };
		758E586F26445073002C48C4 /* Main.storyboard in Resources */ = {isa = PBXBuildFile; fileRef = 758E586D26445073002C48C4 /* Main.storyboard */; };
		758E587226445073002C48C4 /* United_Space_Travelers.xcdatamodeld in Sources */ = {isa = PBXBuildFile; fileRef = 758E587026445073002C48C4 /* United_Space_Travelers.xcdatamodeld */; };
		758E587426445076002C48C4 /* Assets.xcassets in Resources */ = {isa = PBXBuildFile; fileRef = 758E587326445076002C48C4 /* Assets.xcassets */; };
		758E587726445076002C48C4 /* LaunchScreen.storyboard in Resources */ = {isa = PBXBuildFile; fileRef = 758E587526445076002C48C4 /* LaunchScreen.storyboard */; };
/* End PBXBuildFile section */

/* Begin PBXFileReference section */
		758E586426445073002C48C4 /* United Space Travelers.app */ = {isa = PBXFileReference; explicitFileType = wrapper.application; includeInIndex = 0; path = "United Space Travelers.app"; sourceTree = BUILT_PRODUCTS_DIR; };
		758E586726445073002C48C4 /* AppDelegate.swift */ = {isa = PBXFileReference; lastKnownFileType = sourcecode.swift; path = AppDelegate.swift; sourceTree = "<group>"; };
		758E586926445073002C48C4 /* SceneDelegate.swift */ = {isa = PBXFileReference; lastKnownFileType = sourcecode.swift; path = SceneDelegate.swift; sourceTree = "<group>"; };
		758E586B26445073002C48C4 /* ViewController.swift */ = {isa = PBXFileReference; lastKnownFileType = sourcecode.swift; path = ViewController.swift; sourceTree = "<group>"; };
		758E586E26445073002C48C4 /* Base */ = {isa = PBXFileReference; lastKnownFileType = file.storyboard; name = Base; path = Base.lproj/Main.storyboard; sourceTree = "<group>"; };
		758E587126445073002C48C4 /* United_Space_Travelers.xcdatamodel */ = {isa = PBXFileReference; lastKnownFileType = wrapper.xcdatamodel; path = United_Space_Travelers.xcdatamodel; sourceTree = "<group>"; };
		758E587326445076002C48C4 /* Assets.xcassets */ = {isa = PBXFileReference; lastKnownFileType = folder.assetcatalog; path = Assets.xcassets; sourceTree = "<group>"; };
		758E587626445076002C48C4 /* Base */ = {isa = PBXFileReference; lastKnownFileType = file.storyboard; name = Base; path = Base.lproj/LaunchScreen.storyboard; sourceTree = "<group>"; };
		758E587826445076002C48C4 /* Info.plist */ = {isa = PBXFileReference; lastKnownFileType = text.plist.xml; path = Info.plist; sourceTree = "<group>"; };
/* End PBXFileReference section */

/* Begin PBXFrameworksBuildPhase section */
		758E586126445073002C48C4 /* Frameworks */ = {
			isa = PBXFrameworksBuildPhase;
			buildActionMask = 2147483647;
			files = (
			);
			runOnlyForDeploymentPostprocessing = 0;
		};
/* End PBXFrameworksBuildPhase section */

/* Begin PBXGroup section */
		758E585B26445073002C48C4 = {
			isa = PBXGroup;
			children = (
				758E586626445073002C48C4 /* United Space Travelers */,
				758E586526445073002C48C4 /* Products */,
			);
			sourceTree = "<group>";
		};
		758E586526445073002C48C4 /* Products */ = {
			isa = PBXGroup;
			children = (
				758E586426445073002C48C4 /* United Space Travelers.app */,
			);
			name = Products;
			sourceTree = "<group>";
		};
		758E586626445073002C48C4 /* United Space Travelers */ = {
			isa = PBXGroup;
			children = (
				758E586726445073002C48C4 /* AppDelegate.swift */,
				758E586926445073002C48C4 /* SceneDelegate.swift */,
				758E586B26445073002C48C4 /* ViewController.swift */,
				758E586D26445073002C48C4 /* Main.storyboard */,
				758E587326445076002C48C4 /* Assets.xcassets */,
				758E587526445076002C48C4 /* LaunchScreen.storyboard */,
				758E587826445076002C48C4 /* Info.plist */,
				758E587026445073002C48C4 /* United_Space_Travelers.xcdatamodeld */,
			);
			path = "United Space Travelers";
			sourceTree = "<group>";
		};
/* End PBXGroup section */

/* Begin PBXNativeTarget section */
		758E586326445073002C48C4 /* United Space Travelers */ = {
			isa = PBXNativeTarget;
			buildConfigurationList = 758E587B26445076002C48C4 /* Build configuration list for PBXNativeTarget "United Space Travelers" */;
			buildPhases = (
				758E586026445073002C48C4 /* Sources */,
				758E586126445073002C48C4 /* Frameworks */,
				758E586226445073002C48C4 /* Resources */,
			);
			buildRules = (
			);
			dependencies = (
			);
			name = "United Space Travelers";
			productName = "United Space Travelers";
			productReference = 758E586426445073002C48C4 /* United Space Travelers.app */;
			productType = "com.apple.product-type.application";
		};
/* End PBXNativeTarget section */

/* Begin PBXProject section */
		758E585C26445073002C48C4 /* Project object */ = {
			isa = PBXProject;
			attributes = {
				LastSwiftUpdateCheck = 1230;
				LastUpgradeCheck = 1230;
				TargetAttributes = {
					758E586326445073002C48C4 = {
						CreatedOnToolsVersion = 12.3;
					};
				};
			};
			buildConfigurationList = 758E585F26445073002C48C4 /* Build configuration list for PBXProject "United Space Travelers" */;
			compatibilityVersion = "Xcode 9.3";
			developmentRegion = en;
			hasScannedForEncodings = 0;
			knownRegions = (
				en,
				Base,
			);
			mainGroup = 758E585B26445073002C48C4;
			productRefGroup = 758E586526445073002C48C4 /* Products */;
			projectDirPath = "";
			projectRoot = "";
			targets = (
				758E586326445073002C48C4 /* United Space Travelers */,
			);
		};
/* End PBXProject section */

/* Begin PBXResourcesBuildPhase section */
		758E586226445073002C48C4 /* Resources */ = {
			isa = PBXResourcesBuildPhase;
			buildActionMask = 2147483647;
			files = (
				758E587726445076002C48C4 /* LaunchScreen.storyboard in Resources */,
				758E587426445076002C48C4 /* Assets.xcassets in Resources */,
				758E586F26445073002C48C4 /* Main.storyboard in Resources */,
			);
			runOnlyForDeploymentPostprocessing = 0;
		};
/* End PBXResourcesBuildPhase section */

/* Begin PBXSourcesBuildPhase section */
		758E586026445073002C48C4 /* Sources */ = {
			isa = PBXSourcesBuildPhase;
			buildActionMask = 2147483647;
			files = (
				758E586C26445073002C48C4 /* ViewController.swift in Sources */,
				758E586826445073002C48C4 /* AppDelegate.swift in Sources */,
				758E587226445073002C48C4 /* United_Space_Travelers.xcdatamodeld in Sources */,
				758E586A26445073002C48C4 /* SceneDelegate.swift in Sources */,
			);
			runOnlyForDeploymentPostprocessing = 0;
		};
/* End PBXSourcesBuildPhase section */

/* Begin PBXVariantGroup section */
		758E586D26445073002C48C4 /* Main.storyboard */ = {
			isa = PBXVariantGroup;
			children = (
				758E586E26445073002C48C4 /* Base */,
			);
			name = Main.storyboard;
			sourceTree = "<group>";
		};
		758E587526445076002C48C4 /* LaunchScreen.storyboard */ = {
			isa = PBXVariantGroup;
			children = (
				758E587626445076002C48C4 /* Base */,
			);
			name = LaunchScreen.storyboard;
			sourceTree = "<group>";
		};
/* End PBXVariantGroup section */

/* Begin XCBuildConfiguration section */
		758E587926445076002C48C4 /* Debug */ = {
			isa = XCBuildConfiguration;
			buildSettings = {
				ALWAYS_SEARCH_USER_PATHS = NO;
				CLANG_ANALYZER_NONNULL = YES;
				CLANG_ANALYZER_NUMBER_OBJECT_CONVERSION = YES_AGGRESSIVE;
				CLANG_CXX_LANGUAGE_STANDARD = "gnu++14";
				CLANG_CXX_LIBRARY = "libc++";
				CLANG_ENABLE_MODULES = YES;
				CLANG_ENABLE_OBJC_ARC = YES;
				CLANG_ENABLE_OBJC_WEAK = YES;
				CLANG_WARN_BLOCK_CAPTURE_AUTORELEASING = YES;
				CLANG_WARN_BOOL_CONVERSION = YES;
				CLANG_WARN_COMMA = YES;
				CLANG_WARN_CONSTANT_CONVERSION = YES;
				CLANG_WARN_DEPRECATED_OBJC_IMPLEMENTATIONS = YES;
				CLANG_WARN_DIRECT_OBJC_ISA_USAGE = YES_ERROR;
				CLANG_WARN_DOCUMENTATION_COMMENTS = YES;
				CLANG_WARN_EMPTY_BODY = YES;
				CLANG_WARN_ENUM_CONVERSION = YES;
				CLANG_WARN_INFINITE_RECURSION = YES;
				CLANG_WARN_INT_CONVERSION = YES;
				CLANG_WARN_NON_LITERAL_NULL_CONVERSION = YES;
				CLANG_WARN_OBJC_IMPLICIT_RETAIN_SELF = YES;
				CLANG_WARN_OBJC_LITERAL_CONVERSION = YES;
				CLANG_WARN_OBJC_ROOT_CLASS = YES_ERROR;
				CLANG_WARN_QUOTED_INCLUDE_IN_FRAMEWORK_HEADER = YES;
				CLANG_WARN_RANGE_LOOP_ANALYSIS = YES;
				CLANG_WARN_STRICT_PROTOTYPES = YES;
				CLANG_WARN_SUSPICIOUS_MOVE = YES;
				CLANG_WARN_UNGUARDED_AVAILABILITY = YES_AGGRESSIVE;
				CLANG_WARN_UNREACHABLE_CODE = YES;
				CLANG_WARN__DUPLICATE_METHOD_MATCH = YES;
				COPY_PHASE_STRIP = NO;
				DEBUG_INFORMATION_FORMAT = dwarf;
				ENABLE_STRICT_OBJC_MSGSEND = YES;
				ENABLE_TESTABILITY = YES;
				GCC_C_LANGUAGE_STANDARD = gnu11;
				GCC_DYNAMIC_NO_PIC = NO;
				GCC_NO_COMMON_BLOCKS = YES;
				GCC_OPTIMIZATION_LEVEL = 0;
				GCC_PREPROCESSOR_DEFINITIONS = (
					"DEBUG=1",
					"$(inherited)",
				);
				GCC_WARN_64_TO_32_BIT_CONVERSION = YES;
				GCC_WARN_ABOUT_RETURN_TYPE = YES_ERROR;
				GCC_WARN_UNDECLARED_SELECTOR = YES;
				GCC_WARN_UNINITIALIZED_AUTOS = YES_AGGRESSIVE;
				GCC_WARN_UNUSED_FUNCTION = YES;
				GCC_WARN_UNUSED_VARIABLE = YES;
				IPHONEOS_DEPLOYMENT_TARGET = 14.3;
				MTL_ENABLE_DEBUG_INFO = INCLUDE_SOURCE;
				MTL_FAST_MATH = YES;
				ONLY_ACTIVE_ARCH = YES;
				SDKROOT = iphoneos;
				SWIFT_ACTIVE_COMPILATION_CONDITIONS = DEBUG;
				SWIFT_OPTIMIZATION_LEVEL = "-Onone";
			};
			name = Debug;
		};
		758E587A26445076002C48C4 /* Release */ = {
			isa = XCBuildConfiguration;
			buildSettings = {
				ALWAYS_SEARCH_USER_PATHS = NO;
				CLANG_ANALYZER_NONNULL = YES;
				CLANG_ANALYZER_NUMBER_OBJECT_CONVERSION = YES_AGGRESSIVE;
				CLANG_CXX_LANGUAGE_STANDARD = "gnu++14";
				CLANG_CXX_LIBRARY = "libc++";
				CLANG_ENABLE_MODULES = YES;
				CLANG_ENABLE_OBJC_ARC = YES;
				CLANG_ENABLE_OBJC_WEAK = YES;
				CLANG_WARN_BLOCK_CAPTURE_AUTORELEASING = YES;
				CLANG_WARN_BOOL_CONVERSION = YES;
				CLANG_WARN_COMMA = YES;
				CLANG_WARN_CONSTANT_CONVERSION = YES;
				CLANG_WARN_DEPRECATED_OBJC_IMPLEMENTATIONS = YES;
				CLANG_WARN_DIRECT_OBJC_ISA_USAGE = YES_ERROR;
				CLANG_WARN_DOCUMENTATION_COMMENTS = YES;
				CLANG_WARN_EMPTY_BODY = YES;
				CLANG_WARN_ENUM_CONVERSION = YES;
				CLANG_WARN_INFINITE_RECURSION = YES;
				CLANG_WARN_INT_CONVERSION = YES;
				CLANG_WARN_NON_LITERAL_NULL_CONVERSION = YES;
				CLANG_WARN_OBJC_IMPLICIT_RETAIN_SELF = YES;
				CLANG_WARN_OBJC_LITERAL_CONVERSION = YES;
				CLANG_WARN_OBJC_ROOT_CLASS = YES_ERROR;
				CLANG_WARN_QUOTED_INCLUDE_IN_FRAMEWORK_HEADER = YES;
				CLANG_WARN_RANGE_LOOP_ANALYSIS = YES;
				CLANG_WARN_STRICT_PROTOTYPES = YES;
				CLANG_WARN_SUSPICIOUS_MOVE = YES;
				CLANG_WARN_UNGUARDED_AVAILABILITY = YES_AGGRESSIVE;
				CLANG_WARN_UNREACHABLE_CODE = YES;
				CLANG_WARN__DUPLICATE_METHOD_MATCH = YES;
				COPY_PHASE_STRIP = NO;
				DEBUG_INFORMATION_FORMAT = "dwarf-with-dsym";
				ENABLE_NS_ASSERTIONS = NO;
				ENABLE_STRICT_OBJC_MSGSEND = YES;
				GCC_C_LANGUAGE_STANDARD = gnu11;
				GCC_NO_COMMON_BLOCKS = YES;
				GCC_WARN_64_TO_32_BIT_CONVERSION = YES;
				GCC_WARN_ABOUT_RETURN_TYPE = YES_ERROR;
				GCC_WARN_UNDECLARED_SELECTOR = YES;
				GCC_WARN_UNINITIALIZED_AUTOS = YES_AGGRESSIVE;
				GCC_WARN_UNUSED_FUNCTION = YES;
				GCC_WARN_UNUSED_VARIABLE = YES;
				IPHONEOS_DEPLOYMENT_TARGET = 14.3;
				MTL_ENABLE_DEBUG_INFO = NO;
				MTL_FAST_MATH = YES;
				SDKROOT = iphoneos;
				SWIFT_COMPILATION_MODE = wholemodule;
				SWIFT_OPTIMIZATION_LEVEL = "-O";
				VALIDATE_PRODUCT = YES;
			};
			name = Release;
		};
		758E587C26445076002C48C4 /* Debug */ = {
			isa = XCBuildConfiguration;
			buildSettings = {
				ASSETCATALOG_COMPILER_APPICON_NAME = AppIcon;
				ASSETCATALOG_COMPILER_GLOBAL_ACCENT_COLOR_NAME = AccentColor;
				CODE_SIGN_STYLE = Automatic;
				DEVELOPMENT_TEAM = 3YG8R8S4DN;
				INFOPLIST_FILE = "United Space Travelers/Info.plist";
				LD_RUNPATH_SEARCH_PATHS = (
					"$(inherited)",
					"@executable_path/Frameworks",
				);
				PRODUCT_BUNDLE_IDENTIFIER = "co.faiggarazade.unitedspacetravelers.United-Space-Travelers";
				PRODUCT_NAME = "$(TARGET_NAME)";
				SWIFT_VERSION = 5.0;
				TARGETED_DEVICE_FAMILY = "1,2";
			};
			name = Debug;
		};
		758E587D26445076002C48C4 /* Release */ = {
			isa = XCBuildConfiguration;
			buildSettings = {
				ASSETCATALOG_COMPILER_APPICON_NAME = AppIcon;
				ASSETCATALOG_COMPILER_GLOBAL_ACCENT_COLOR_NAME = AccentColor;
				CODE_SIGN_STYLE = Automatic;
				DEVELOPMENT_TEAM = 3YG8R8S4DN;
				INFOPLIST_FILE = "United Space Travelers/Info.plist";
				LD_RUNPATH_SEARCH_PATHS = (
					"$(inherited)",
					"@executable_path/Frameworks",
				);
				PRODUCT_BUNDLE_IDENTIFIER = "co.faiggarazade.unitedspacetravelers.United-Space-Travelers";
				PRODUCT_NAME = "$(TARGET_NAME)";
				SWIFT_VERSION = 5.0;
				TARGETED_DEVICE_FAMILY = "1,2";
			};
			name = Release;
		};
/* End XCBuildConfiguration section */

/* Begin XCConfigurationList section */
		758E585F26445073002C48C4 /* Build configuration list for PBXProject "United Space Travelers" */ = {
			isa = XCConfigurationList;
			buildConfigurations = (
				758E587926445076002C48C4 /* Debug */,
				758E587A26445076002C48C4 /* Release */,
			);
			defaultConfigurationIsVisible = 0;
			defaultConfigurationName = Release;
		};
		758E587B26445076002C48C4 /* Build configuration list for PBXNativeTarget "United Space Travelers" */ = {
			isa = XCConfigurationList;
			buildConfigurations = (
				758E587C26445076002C48C4 /* Debug */,
				758E587D26445076002C48C4 /* Release */,
			);
			defaultConfigurationIsVisible = 0;
			defaultConfigurationName = Release;
		};
/* End XCConfigurationList section */

/* Begin XCVersionGroup section */
		758E587026445073002C48C4 /* United_Space_Travelers.xcdatamodeld */ = {
			isa = XCVersionGroup;
			children = (
				758E587126445073002C48C4 /* United_Space_Travelers.xcdatamodel */,
			);
			currentVersion = 758E587126445073002C48C4 /* United_Space_Travelers.xcdatamodel */;
			path = United_Space_Travelers.xcdatamodeld;
			sourceTree = "<group>";
			versionGroupType = wrapper.xcdatamodel;
		};
/* End XCVersionGroup section */
	};
	rootObject = 758E585C26445073002C48C4 /* Project object */;
}
